
Microsoft Visual Studio Solution File, Format Version 12.00
# Visual Studio 15
VisualStudioVersion = 15.0.28307.2092
MinimumVisualStudioVersion = 10.0.40219.1
Project("{8BC9CEB8-8B4A-11D0-8D11-00A0C91BC942}") = "HW1_2.32", "HW1_2.32\HW1_2.32.vcxproj", "{C501FF5E-A618-469E-86C7-C434D4C86626}"
EndProject
Global
	GlobalSection(SolutionConfigurationPlatforms) = preSolution
		Debug|x64 = Debug|x64
		Debug|x86 = Debug|x86
		Release|x64 = Release|x64
		Release|x86 = Release|x86
	EndGlobalSection
	GlobalSection(ProjectConfigurationPlatforms) = postSolution
		{C501FF5E-A618-469E-86C7-C434D4C86626}.Debug|x64.ActiveCfg = Debug|x64
		{C501FF5E-A618-469E-86C7-C434D4C86626}.Debug|x64.Build.0 = Debug|x64
		{C501FF5E-A618-469E-86C7-C434D4C86626}.Debug|x86.ActiveCfg = Debug|Win32
		{C501FF5E-A618-469E-86C7-C434D4C86626}.Debug|x86.Build.0 = Debug|Win32
		{C501FF5E-A618-469E-86C7-C434D4C86626}.Release|x64.ActiveCfg = Release|x64
		{C501FF5E-A618-469E-86C7-C434D4C86626}.Release|x64.Build.0 = Release|x64
		{C501FF5E-A618-469E-86C7-C434D4C86626}.Release|x86.ActiveCfg = Release|Win32
		{C501FF5E-A618-469E-86C7-C434D4C86626}.Release|x86.Build.0 = Release|Win32
	EndGlobalSection
	GlobalSection(SolutionProperties) = preSolution
		HideSolutionNode = FALSE
	EndGlobalSection
	GlobalSection(ExtensibilityGlobals) = postSolution
		SolutionGuid = {1E455658-2D82-4B32-8517-E041D5C9376F}
	EndGlobalSection
EndGlobal
