
Microsoft Visual Studio Solution File, Format Version 12.00
# Visual Studio 15
VisualStudioVersion = 15.0.28307.2092
MinimumVisualStudioVersion = 10.0.40219.1
Project("{8BC9CEB8-8B4A-11D0-8D11-00A0C91BC942}") = "HW1_2.26", "HW1_2.26\HW1_2.26.vcxproj", "{4BBB200D-2573-43C1-B05B-32235119AEB3}"
EndProject
Global
	GlobalSection(SolutionConfigurationPlatforms) = preSolution
		Debug|x64 = Debug|x64
		Debug|x86 = Debug|x86
		Release|x64 = Release|x64
		Release|x86 = Release|x86
	EndGlobalSection
	GlobalSection(ProjectConfigurationPlatforms) = postSolution
		{4BBB200D-2573-43C1-B05B-32235119AEB3}.Debug|x64.ActiveCfg = Debug|x64
		{4BBB200D-2573-43C1-B05B-32235119AEB3}.Debug|x64.Build.0 = Debug|x64
		{4BBB200D-2573-43C1-B05B-32235119AEB3}.Debug|x86.ActiveCfg = Debug|Win32
		{4BBB200D-2573-43C1-B05B-32235119AEB3}.Debug|x86.Build.0 = Debug|Win32
		{4BBB200D-2573-43C1-B05B-32235119AEB3}.Release|x64.ActiveCfg = Release|x64
		{4BBB200D-2573-43C1-B05B-32235119AEB3}.Release|x64.Build.0 = Release|x64
		{4BBB200D-2573-43C1-B05B-32235119AEB3}.Release|x86.ActiveCfg = Release|Win32
		{4BBB200D-2573-43C1-B05B-32235119AEB3}.Release|x86.Build.0 = Release|Win32
	EndGlobalSection
	GlobalSection(SolutionProperties) = preSolution
		HideSolutionNode = FALSE
	EndGlobalSection
	GlobalSection(ExtensibilityGlobals) = postSolution
		SolutionGuid = {C104C039-26A8-4019-9583-E5CF9E99BB0E}
	EndGlobalSection
EndGlobal
